// !$*UTF8*$!
{
	archiveVersion = 1;
	classes = {
	};
	objectVersion = 56;
	objects = {

/* Begin PBXBuildFile section */
		862305D92B6141090012D11D /* CreateAcronymView.swift in Sources */ = {isa = PBXBuildFile; fileRef = 862305D82B6141090012D11D /* CreateAcronymView.swift */; };
		862305DB2B6144980012D11D /* Acronym.swift in Sources */ = {isa = PBXBuildFile; fileRef = 862305DA2B6144980012D11D /* Acronym.swift */; };
		862305DD2B6146210012D11D /* User.swift in Sources */ = {isa = PBXBuildFile; fileRef = 862305DC2B6146210012D11D /* User.swift */; };
		862305E02B6146560012D11D /* Category.swift in Sources */ = {isa = PBXBuildFile; fileRef = 862305DF2B6146560012D11D /* Category.swift */; };
		862305E22B6146690012D11D /* RadioButton.swift in Sources */ = {isa = PBXBuildFile; fileRef = 862305E12B6146690012D11D /* RadioButton.swift */; };
		862305E72B614EDC0012D11D /* AcronymDetailView.swift in Sources */ = {isa = PBXBuildFile; fileRef = 862305E62B614EDC0012D11D /* AcronymDetailView.swift */; };
		862305E92B614F0B0012D11D /* AcronymRequest.swift in Sources */ = {isa = PBXBuildFile; fileRef = 862305E82B614F0B0012D11D /* AcronymRequest.swift */; };
		862305ED2B6159B60012D11D /* CreateCategoryView.swift in Sources */ = {isa = PBXBuildFile; fileRef = 862305EC2B6159B60012D11D /* CreateCategoryView.swift */; };
		864A03C92B60FC0A007AF7B7 /* Kodeco_Book_iOSApp.swift in Sources */ = {isa = PBXBuildFile; fileRef = 864A03C82B60FC0A007AF7B7 /* Kodeco_Book_iOSApp.swift */; };
		864A03CD2B60FC0C007AF7B7 /* Assets.xcassets in Resources */ = {isa = PBXBuildFile; fileRef = 864A03CC2B60FC0C007AF7B7 /* Assets.xcassets */; };
		864A03D02B60FC0C007AF7B7 /* Preview Assets.xcassets in Resources */ = {isa = PBXBuildFile; fileRef = 864A03CF2B60FC0C007AF7B7 /* Preview Assets.xcassets */; };
		864A03D72B60FC88007AF7B7 /* UsersView.swift in Sources */ = {isa = PBXBuildFile; fileRef = 864A03D62B60FC88007AF7B7 /* UsersView.swift */; };
		864A03D92B60FD26007AF7B7 /* AcronymsView.swift in Sources */ = {isa = PBXBuildFile; fileRef = 864A03D82B60FD26007AF7B7 /* AcronymsView.swift */; };
		864A03DB2B60FD74007AF7B7 /* CategoriesView.swift in Sources */ = {isa = PBXBuildFile; fileRef = 864A03DA2B60FD74007AF7B7 /* CategoriesView.swift */; };
		864A03DE2B60FEC2007AF7B7 /* ResourceRequest.swift in Sources */ = {isa = PBXBuildFile; fileRef = 864A03DD2B60FEC2007AF7B7 /* ResourceRequest.swift */; };
		864A03E02B61041D007AF7B7 /* CreateUserView.swift in Sources */ = {isa = PBXBuildFile; fileRef = 864A03DF2B61041D007AF7B7 /* CreateUserView.swift */; };
		8652F6152B6264A90061C7C5 /* Auth.swift in Sources */ = {isa = PBXBuildFile; fileRef = 8652F6142B6264A90061C7C5 /* Auth.swift */; };
		8652F6172B62652C0061C7C5 /* Token.swift in Sources */ = {isa = PBXBuildFile; fileRef = 8652F6162B62652C0061C7C5 /* Token.swift */; };
		8652F6192B6266750061C7C5 /* LoginView.swift in Sources */ = {isa = PBXBuildFile; fileRef = 8652F6182B6266750061C7C5 /* LoginView.swift */; };
		8652F61B2B6268470061C7C5 /* AuthProvider.swift in Sources */ = {isa = PBXBuildFile; fileRef = 8652F61A2B6268470061C7C5 /* AuthProvider.swift */; };
/* End PBXBuildFile section */

/* Begin PBXFileReference section */
		862305D82B6141090012D11D /* CreateAcronymView.swift */ = {isa = PBXFileReference; lastKnownFileType = sourcecode.swift; path = CreateAcronymView.swift; sourceTree = "<group>"; };
		862305DA2B6144980012D11D /* Acronym.swift */ = {isa = PBXFileReference; lastKnownFileType = sourcecode.swift; path = Acronym.swift; sourceTree = "<group>"; };
		862305DC2B6146210012D11D /* User.swift */ = {isa = PBXFileReference; lastKnownFileType = sourcecode.swift; path = User.swift; sourceTree = "<group>"; };
		862305DF2B6146560012D11D /* Category.swift */ = {isa = PBXFileReference; lastKnownFileType = sourcecode.swift; path = Category.swift; sourceTree = "<group>"; };
		862305E12B6146690012D11D /* RadioButton.swift */ = {isa = PBXFileReference; lastKnownFileType = sourcecode.swift; path = RadioButton.swift; sourceTree = "<group>"; };
		862305E62B614EDC0012D11D /* AcronymDetailView.swift */ = {isa = PBXFileReference; lastKnownFileType = sourcecode.swift; path = AcronymDetailView.swift; sourceTree = "<group>"; };
		862305E82B614F0B0012D11D /* AcronymRequest.swift */ = {isa = PBXFileReference; lastKnownFileType = sourcecode.swift; path = AcronymRequest.swift; sourceTree = "<group>"; };
		862305EC2B6159B60012D11D /* CreateCategoryView.swift */ = {isa = PBXFileReference; lastKnownFileType = sourcecode.swift; path = CreateCategoryView.swift; sourceTree = "<group>"; };
		864A03C52B60FC0A007AF7B7 /* Kodeco-Book-iOS.app */ = {isa = PBXFileReference; explicitFileType = wrapper.application; includeInIndex = 0; path = "Kodeco-Book-iOS.app"; sourceTree = BUILT_PRODUCTS_DIR; };
		864A03C82B60FC0A007AF7B7 /* Kodeco_Book_iOSApp.swift */ = {isa = PBXFileReference; lastKnownFileType = sourcecode.swift; path = Kodeco_Book_iOSApp.swift; sourceTree = "<group>"; };
		864A03CC2B60FC0C007AF7B7 /* Assets.xcassets */ = {isa = PBXFileReference; lastKnownFileType = folder.assetcatalog; path = Assets.xcassets; sourceTree = "<group>"; };
		864A03CF2B60FC0C007AF7B7 /* Preview Assets.xcassets */ = {isa = PBXFileReference; lastKnownFileType = folder.assetcatalog; path = "Preview Assets.xcassets"; sourceTree = "<group>"; };
		864A03D62B60FC88007AF7B7 /* UsersView.swift */ = {isa = PBXFileReference; lastKnownFileType = sourcecode.swift; path = UsersView.swift; sourceTree = "<group>"; };
		864A03D82B60FD26007AF7B7 /* AcronymsView.swift */ = {isa = PBXFileReference; lastKnownFileType = sourcecode.swift; path = AcronymsView.swift; sourceTree = "<group>"; };
		864A03DA2B60FD74007AF7B7 /* CategoriesView.swift */ = {isa = PBXFileReference; lastKnownFileType = sourcecode.swift; path = CategoriesView.swift; sourceTree = "<group>"; };
		864A03DD2B60FEC2007AF7B7 /* ResourceRequest.swift */ = {isa = PBXFileReference; lastKnownFileType = sourcecode.swift; path = ResourceRequest.swift; sourceTree = "<group>"; };
		864A03DF2B61041D007AF7B7 /* CreateUserView.swift */ = {isa = PBXFileReference; lastKnownFileType = sourcecode.swift; path = CreateUserView.swift; sourceTree = "<group>"; };
		8652F6142B6264A90061C7C5 /* Auth.swift */ = {isa = PBXFileReference; lastKnownFileType = sourcecode.swift; path = Auth.swift; sourceTree = "<group>"; };
		8652F6162B62652C0061C7C5 /* Token.swift */ = {isa = PBXFileReference; lastKnownFileType = sourcecode.swift; path = Token.swift; sourceTree = "<group>"; };
		8652F6182B6266750061C7C5 /* LoginView.swift */ = {isa = PBXFileReference; lastKnownFileType = sourcecode.swift; path = LoginView.swift; sourceTree = "<group>"; };
		8652F61A2B6268470061C7C5 /* AuthProvider.swift */ = {isa = PBXFileReference; lastKnownFileType = sourcecode.swift; path = AuthProvider.swift; sourceTree = "<group>"; };
/* End PBXFileReference section */

/* Begin PBXFrameworksBuildPhase section */
		864A03C22B60FC0A007AF7B7 /* Frameworks */ = {
			isa = PBXFrameworksBuildPhase;
			buildActionMask = 2147483647;
			files = (
			);
			runOnlyForDeploymentPostprocessing = 0;
		};
/* End PBXFrameworksBuildPhase section */

/* Begin PBXGroup section */
		862305DE2B61462D0012D11D /* Models */ = {
			isa = PBXGroup;
			children = (
				862305DA2B6144980012D11D /* Acronym.swift */,
				862305DF2B6146560012D11D /* Category.swift */,
				862305DC2B6146210012D11D /* User.swift */,
				8652F6162B62652C0061C7C5 /* Token.swift */,
			);
			path = Models;
			sourceTree = "<group>";
		};
		862305E32B6146710012D11D /* Components */ = {
			isa = PBXGroup;
			children = (
				862305E12B6146690012D11D /* RadioButton.swift */,
			);
			path = Components;
			sourceTree = "<group>";
		};
		862305E42B6146940012D11D /* Main */ = {
			isa = PBXGroup;
			children = (
				864A03D62B60FC88007AF7B7 /* UsersView.swift */,
				864A03D82B60FD26007AF7B7 /* AcronymsView.swift */,
				864A03DA2B60FD74007AF7B7 /* CategoriesView.swift */,
			);
			path = Main;
			sourceTree = "<group>";
		};
		862305E52B6146990012D11D /* Creation */ = {
			isa = PBXGroup;
			children = (
				864A03DF2B61041D007AF7B7 /* CreateUserView.swift */,
				862305D82B6141090012D11D /* CreateAcronymView.swift */,
				862305EC2B6159B60012D11D /* CreateCategoryView.swift */,
			);
			path = Creation;
			sourceTree = "<group>";
		};
		862305EA2B6159950012D11D /* Detail */ = {
			isa = PBXGroup;
			children = (
				862305E62B614EDC0012D11D /* AcronymDetailView.swift */,
			);
			path = Detail;
			sourceTree = "<group>";
		};
		862305EB2B61599D0012D11D /* Screens */ = {
			isa = PBXGroup;
			children = (
				862305E42B6146940012D11D /* Main */,
				862305E52B6146990012D11D /* Creation */,
				862305EA2B6159950012D11D /* Detail */,
				8652F6182B6266750061C7C5 /* LoginView.swift */,
			);
			path = Screens;
			sourceTree = "<group>";
		};
		864A03BC2B60FC0A007AF7B7 = {
			isa = PBXGroup;
			children = (
				864A03C72B60FC0A007AF7B7 /* Kodeco-Book-iOS */,
				864A03C62B60FC0A007AF7B7 /* Products */,
			);
			sourceTree = "<group>";
		};
		864A03C62B60FC0A007AF7B7 /* Products */ = {
			isa = PBXGroup;
			children = (
				864A03C52B60FC0A007AF7B7 /* Kodeco-Book-iOS.app */,
			);
			name = Products;
			sourceTree = "<group>";
		};
		864A03C72B60FC0A007AF7B7 /* Kodeco-Book-iOS */ = {
			isa = PBXGroup;
			children = (
				864A03C82B60FC0A007AF7B7 /* Kodeco_Book_iOSApp.swift */,
				862305DE2B61462D0012D11D /* Models */,
				864A03E12B61059C007AF7B7 /* Services */,
				864A03DC2B60FDA3007AF7B7 /* View */,
				864A03CC2B60FC0C007AF7B7 /* Assets.xcassets */,
				864A03CE2B60FC0C007AF7B7 /* Preview Content */,
			);
			path = "Kodeco-Book-iOS";
			sourceTree = "<group>";
		};
		864A03CE2B60FC0C007AF7B7 /* Preview Content */ = {
			isa = PBXGroup;
			children = (
				864A03CF2B60FC0C007AF7B7 /* Preview Assets.xcassets */,
			);
			path = "Preview Content";
			sourceTree = "<group>";
		};
		864A03DC2B60FDA3007AF7B7 /* View */ = {
			isa = PBXGroup;
			children = (
				862305EB2B61599D0012D11D /* Screens */,
				862305E32B6146710012D11D /* Components */,
			);
			path = View;
			sourceTree = "<group>";
		};
		864A03E12B61059C007AF7B7 /* Services */ = {
			isa = PBXGroup;
			children = (
				8652F61A2B6268470061C7C5 /* AuthProvider.swift */,
				864A03DD2B60FEC2007AF7B7 /* ResourceRequest.swift */,
				862305E82B614F0B0012D11D /* AcronymRequest.swift */,
				8652F6142B6264A90061C7C5 /* Auth.swift */,
			);
			path = Services;
			sourceTree = "<group>";
		};
/* End PBXGroup section */

/* Begin PBXNativeTarget section */
		864A03C42B60FC0A007AF7B7 /* Kodeco-Book-iOS */ = {
			isa = PBXNativeTarget;
			buildConfigurationList = 864A03D32B60FC0C007AF7B7 /* Build configuration list for PBXNativeTarget "Kodeco-Book-iOS" */;
			buildPhases = (
				864A03C12B60FC0A007AF7B7 /* Sources */,
				864A03C22B60FC0A007AF7B7 /* Frameworks */,
				864A03C32B60FC0A007AF7B7 /* Resources */,
			);
			buildRules = (
			);
			dependencies = (
			);
			name = "Kodeco-Book-iOS";
			productName = "Kodeco-Book-iOS";
			productReference = 864A03C52B60FC0A007AF7B7 /* Kodeco-Book-iOS.app */;
			productType = "com.apple.product-type.application";
		};
/* End PBXNativeTarget section */

/* Begin PBXProject section */
		864A03BD2B60FC0A007AF7B7 /* Project object */ = {
			isa = PBXProject;
			attributes = {
				BuildIndependentTargetsInParallel = 1;
				LastSwiftUpdateCheck = 1510;
				LastUpgradeCheck = 1510;
				TargetAttributes = {
					864A03C42B60FC0A007AF7B7 = {
						CreatedOnToolsVersion = 15.1;
					};
				};
			};
			buildConfigurationList = 864A03C02B60FC0A007AF7B7 /* Build configuration list for PBXProject "Kodeco-Book-iOS" */;
			compatibilityVersion = "Xcode 14.0";
			developmentRegion = en;
			hasScannedForEncodings = 0;
			knownRegions = (
				en,
				Base,
			);
			mainGroup = 864A03BC2B60FC0A007AF7B7;
			productRefGroup = 864A03C62B60FC0A007AF7B7 /* Products */;
			projectDirPath = "";
			projectRoot = "";
			targets = (
				864A03C42B60FC0A007AF7B7 /* Kodeco-Book-iOS */,
			);
		};
/* End PBXProject section */

/* Begin PBXResourcesBuildPhase section */
		864A03C32B60FC0A007AF7B7 /* Resources */ = {
			isa = PBXResourcesBuildPhase;
			buildActionMask = 2147483647;
			files = (
				864A03D02B60FC0C007AF7B7 /* Preview Assets.xcassets in Resources */,
				864A03CD2B60FC0C007AF7B7 /* Assets.xcassets in Resources */,
			);
			runOnlyForDeploymentPostprocessing = 0;
		};
/* End PBXResourcesBuildPhase section */

/* Begin PBXSourcesBuildPhase section */
		864A03C12B60FC0A007AF7B7 /* Sources */ = {
			isa = PBXSourcesBuildPhase;
			buildActionMask = 2147483647;
			files = (
				862305E22B6146690012D11D /* RadioButton.swift in Sources */,
				864A03D92B60FD26007AF7B7 /* AcronymsView.swift in Sources */,
				862305ED2B6159B60012D11D /* CreateCategoryView.swift in Sources */,
				862305E02B6146560012D11D /* Category.swift in Sources */,
				862305DB2B6144980012D11D /* Acronym.swift in Sources */,
				8652F6152B6264A90061C7C5 /* Auth.swift in Sources */,
				8652F61B2B6268470061C7C5 /* AuthProvider.swift in Sources */,
				864A03E02B61041D007AF7B7 /* CreateUserView.swift in Sources */,
				8652F6172B62652C0061C7C5 /* Token.swift in Sources */,
				864A03DE2B60FEC2007AF7B7 /* ResourceRequest.swift in Sources */,
				862305E72B614EDC0012D11D /* AcronymDetailView.swift in Sources */,
				8652F6192B6266750061C7C5 /* LoginView.swift in Sources */,
				862305E92B614F0B0012D11D /* AcronymRequest.swift in Sources */,
				862305D92B6141090012D11D /* CreateAcronymView.swift in Sources */,
				862305DD2B6146210012D11D /* User.swift in Sources */,
				864A03C92B60FC0A007AF7B7 /* Kodeco_Book_iOSApp.swift in Sources */,
				864A03DB2B60FD74007AF7B7 /* CategoriesView.swift in Sources */,
				864A03D72B60FC88007AF7B7 /* UsersView.swift in Sources */,
			);
			runOnlyForDeploymentPostprocessing = 0;
		};
/* End PBXSourcesBuildPhase section */

/* Begin XCBuildConfiguration section */
		864A03D12B60FC0C007AF7B7 /* Debug */ = {
			isa = XCBuildConfiguration;
			buildSettings = {
				ALWAYS_SEARCH_USER_PATHS = NO;
				ASSETCATALOG_COMPILER_GENERATE_SWIFT_ASSET_SYMBOL_EXTENSIONS = YES;
				CLANG_ANALYZER_NONNULL = YES;
				CLANG_ANALYZER_NUMBER_OBJECT_CONVERSION = YES_AGGRESSIVE;
				CLANG_CXX_LANGUAGE_STANDARD = "gnu++20";
				CLANG_ENABLE_MODULES = YES;
				CLANG_ENABLE_OBJC_ARC = YES;
				CLANG_ENABLE_OBJC_WEAK = YES;
				CLANG_WARN_BLOCK_CAPTURE_AUTORELEASING = YES;
				CLANG_WARN_BOOL_CONVERSION = YES;
				CLANG_WARN_COMMA = YES;
				CLANG_WARN_CONSTANT_CONVERSION = YES;
				CLANG_WARN_DEPRECATED_OBJC_IMPLEMENTATIONS = YES;
				CLANG_WARN_DIRECT_OBJC_ISA_USAGE = YES_ERROR;
				CLANG_WARN_DOCUMENTATION_COMMENTS = YES;
				CLANG_WARN_EMPTY_BODY = YES;
				CLANG_WARN_ENUM_CONVERSION = YES;
				CLANG_WARN_INFINITE_RECURSION = YES;
				CLANG_WARN_INT_CONVERSION = YES;
				CLANG_WARN_NON_LITERAL_NULL_CONVERSION = YES;
				CLANG_WARN_OBJC_IMPLICIT_RETAIN_SELF = YES;
				CLANG_WARN_OBJC_LITERAL_CONVERSION = YES;
				CLANG_WARN_OBJC_ROOT_CLASS = YES_ERROR;
				CLANG_WARN_QUOTED_INCLUDE_IN_FRAMEWORK_HEADER = YES;
				CLANG_WARN_RANGE_LOOP_ANALYSIS = YES;
				CLANG_WARN_STRICT_PROTOTYPES = YES;
				CLANG_WARN_SUSPICIOUS_MOVE = YES;
				CLANG_WARN_UNGUARDED_AVAILABILITY = YES_AGGRESSIVE;
				CLANG_WARN_UNREACHABLE_CODE = YES;
				CLANG_WARN__DUPLICATE_METHOD_MATCH = YES;
				COPY_PHASE_STRIP = NO;
				DEBUG_INFORMATION_FORMAT = dwarf;
				ENABLE_STRICT_OBJC_MSGSEND = YES;
				ENABLE_TESTABILITY = YES;
				ENABLE_USER_SCRIPT_SANDBOXING = YES;
				GCC_C_LANGUAGE_STANDARD = gnu17;
				GCC_DYNAMIC_NO_PIC = NO;
				GCC_NO_COMMON_BLOCKS = YES;
				GCC_OPTIMIZATION_LEVEL = 0;
				GCC_PREPROCESSOR_DEFINITIONS = (
					"DEBUG=1",
					"$(inherited)",
				);
				GCC_WARN_64_TO_32_BIT_CONVERSION = YES;
				GCC_WARN_ABOUT_RETURN_TYPE = YES_ERROR;
				GCC_WARN_UNDECLARED_SELECTOR = YES;
				GCC_WARN_UNINITIALIZED_AUTOS = YES_AGGRESSIVE;
				GCC_WARN_UNUSED_FUNCTION = YES;
				GCC_WARN_UNUSED_VARIABLE = YES;
				IPHONEOS_DEPLOYMENT_TARGET = 17.2;
				LOCALIZATION_PREFERS_STRING_CATALOGS = YES;
				MTL_ENABLE_DEBUG_INFO = INCLUDE_SOURCE;
				MTL_FAST_MATH = YES;
				ONLY_ACTIVE_ARCH = YES;
				SDKROOT = iphoneos;
				SWIFT_ACTIVE_COMPILATION_CONDITIONS = "DEBUG $(inherited)";
				SWIFT_OPTIMIZATION_LEVEL = "-Onone";
			};
			name = Debug;
		};
		864A03D22B60FC0C007AF7B7 /* Release */ = {
			isa = XCBuildConfiguration;
			buildSettings = {
				ALWAYS_SEARCH_USER_PATHS = NO;
				ASSETCATALOG_COMPILER_GENERATE_SWIFT_ASSET_SYMBOL_EXTENSIONS = YES;
				CLANG_ANALYZER_NONNULL = YES;
				CLANG_ANALYZER_NUMBER_OBJECT_CONVERSION = YES_AGGRESSIVE;
				CLANG_CXX_LANGUAGE_STANDARD = "gnu++20";
				CLANG_ENABLE_MODULES = YES;
				CLANG_ENABLE_OBJC_ARC = YES;
				CLANG_ENABLE_OBJC_WEAK = YES;
				CLANG_WARN_BLOCK_CAPTURE_AUTORELEASING = YES;
				CLANG_WARN_BOOL_CONVERSION = YES;
				CLANG_WARN_COMMA = YES;
				CLANG_WARN_CONSTANT_CONVERSION = YES;
				CLANG_WARN_DEPRECATED_OBJC_IMPLEMENTATIONS = YES;
				CLANG_WARN_DIRECT_OBJC_ISA_USAGE = YES_ERROR;
				CLANG_WARN_DOCUMENTATION_COMMENTS = YES;
				CLANG_WARN_EMPTY_BODY = YES;
				CLANG_WARN_ENUM_CONVERSION = YES;
				CLANG_WARN_INFINITE_RECURSION = YES;
				CLANG_WARN_INT_CONVERSION = YES;
				CLANG_WARN_NON_LITERAL_NULL_CONVERSION = YES;
				CLANG_WARN_OBJC_IMPLICIT_RETAIN_SELF = YES;
				CLANG_WARN_OBJC_LITERAL_CONVERSION = YES;
				CLANG_WARN_OBJC_ROOT_CLASS = YES_ERROR;
				CLANG_WARN_QUOTED_INCLUDE_IN_FRAMEWORK_HEADER = YES;
				CLANG_WARN_RANGE_LOOP_ANALYSIS = YES;
				CLANG_WARN_STRICT_PROTOTYPES = YES;
				CLANG_WARN_SUSPICIOUS_MOVE = YES;
				CLANG_WARN_UNGUARDED_AVAILABILITY = YES_AGGRESSIVE;
				CLANG_WARN_UNREACHABLE_CODE = YES;
				CLANG_WARN__DUPLICATE_METHOD_MATCH = YES;
				COPY_PHASE_STRIP = NO;
				DEBUG_INFORMATION_FORMAT = "dwarf-with-dsym";
				ENABLE_NS_ASSERTIONS = NO;
				ENABLE_STRICT_OBJC_MSGSEND = YES;
				ENABLE_USER_SCRIPT_SANDBOXING = YES;
				GCC_C_LANGUAGE_STANDARD = gnu17;
				GCC_NO_COMMON_BLOCKS = YES;
				GCC_WARN_64_TO_32_BIT_CONVERSION = YES;
				GCC_WARN_ABOUT_RETURN_TYPE = YES_ERROR;
				GCC_WARN_UNDECLARED_SELECTOR = YES;
				GCC_WARN_UNINITIALIZED_AUTOS = YES_AGGRESSIVE;
				GCC_WARN_UNUSED_FUNCTION = YES;
				GCC_WARN_UNUSED_VARIABLE = YES;
				IPHONEOS_DEPLOYMENT_TARGET = 17.2;
				LOCALIZATION_PREFERS_STRING_CATALOGS = YES;
				MTL_ENABLE_DEBUG_INFO = NO;
				MTL_FAST_MATH = YES;
				SDKROOT = iphoneos;
				SWIFT_COMPILATION_MODE = wholemodule;
				VALIDATE_PRODUCT = YES;
			};
			name = Release;
		};
		864A03D42B60FC0C007AF7B7 /* Debug */ = {
			isa = XCBuildConfiguration;
			buildSettings = {
				ASSETCATALOG_COMPILER_APPICON_NAME = AppIcon;
				ASSETCATALOG_COMPILER_GLOBAL_ACCENT_COLOR_NAME = AccentColor;
				CODE_SIGN_STYLE = Automatic;
				CURRENT_PROJECT_VERSION = 1;
				DEVELOPMENT_ASSET_PATHS = "\"Kodeco-Book-iOS/Preview Content\"";
				DEVELOPMENT_TEAM = N96T5K2D2H;
				ENABLE_PREVIEWS = YES;
				GENERATE_INFOPLIST_FILE = YES;
				INFOPLIST_KEY_UIApplicationSceneManifest_Generation = YES;
				INFOPLIST_KEY_UIApplicationSupportsIndirectInputEvents = YES;
				INFOPLIST_KEY_UILaunchScreen_Generation = YES;
				INFOPLIST_KEY_UISupportedInterfaceOrientations_iPad = "UIInterfaceOrientationPortrait UIInterfaceOrientationPortraitUpsideDown UIInterfaceOrientationLandscapeLeft UIInterfaceOrientationLandscapeRight";
				INFOPLIST_KEY_UISupportedInterfaceOrientations_iPhone = "UIInterfaceOrientationPortrait UIInterfaceOrientationLandscapeLeft UIInterfaceOrientationLandscapeRight";
				LD_RUNPATH_SEARCH_PATHS = (
					"$(inherited)",
					"@executable_path/Frameworks",
				);
				MARKETING_VERSION = 1.0;
				PRODUCT_BUNDLE_IDENTIFIER = "com.twinPaw.Kodeco-Book-iOS";
				PRODUCT_NAME = "$(TARGET_NAME)";
				SWIFT_EMIT_LOC_STRINGS = YES;
				SWIFT_VERSION = 5.0;
				TARGETED_DEVICE_FAMILY = "1,2";
			};
			name = Debug;
		};
		864A03D52B60FC0C007AF7B7 /* Release */ = {
			isa = XCBuildConfiguration;
			buildSettings = {
				ASSETCATALOG_COMPILER_APPICON_NAME = AppIcon;
				ASSETCATALOG_COMPILER_GLOBAL_ACCENT_COLOR_NAME = AccentColor;
				CODE_SIGN_STYLE = Automatic;
				CURRENT_PROJECT_VERSION = 1;
				DEVELOPMENT_ASSET_PATHS = "\"Kodeco-Book-iOS/Preview Content\"";
				DEVELOPMENT_TEAM = N96T5K2D2H;
				ENABLE_PREVIEWS = YES;
				GENERATE_INFOPLIST_FILE = YES;
				INFOPLIST_KEY_UIApplicationSceneManifest_Generation = YES;
				INFOPLIST_KEY_UIApplicationSupportsIndirectInputEvents = YES;
				INFOPLIST_KEY_UILaunchScreen_Generation = YES;
				INFOPLIST_KEY_UISupportedInterfaceOrientations_iPad = "UIInterfaceOrientationPortrait UIInterfaceOrientationPortraitUpsideDown UIInterfaceOrientationLandscapeLeft UIInterfaceOrientationLandscapeRight";
				INFOPLIST_KEY_UISupportedInterfaceOrientations_iPhone = "UIInterfaceOrientationPortrait UIInterfaceOrientationLandscapeLeft UIInterfaceOrientationLandscapeRight";
				LD_RUNPATH_SEARCH_PATHS = (
					"$(inherited)",
					"@executable_path/Frameworks",
				);
				MARKETING_VERSION = 1.0;
				PRODUCT_BUNDLE_IDENTIFIER = "com.twinPaw.Kodeco-Book-iOS";
				PRODUCT_NAME = "$(TARGET_NAME)";
				SWIFT_EMIT_LOC_STRINGS = YES;
				SWIFT_VERSION = 5.0;
				TARGETED_DEVICE_FAMILY = "1,2";
			};
			name = Release;
		};
/* End XCBuildConfiguration section */

/* Begin XCConfigurationList section */
		864A03C02B60FC0A007AF7B7 /* Build configuration list for PBXProject "Kodeco-Book-iOS" */ = {
			isa = XCConfigurationList;
			buildConfigurations = (
				864A03D12B60FC0C007AF7B7 /* Debug */,
				864A03D22B60FC0C007AF7B7 /* Release */,
			);
			defaultConfigurationIsVisible = 0;
			defaultConfigurationName = Release;
		};
		864A03D32B60FC0C007AF7B7 /* Build configuration list for PBXNativeTarget "Kodeco-Book-iOS" */ = {
			isa = XCConfigurationList;
			buildConfigurations = (
				864A03D42B60FC0C007AF7B7 /* Debug */,
				864A03D52B60FC0C007AF7B7 /* Release */,
			);
			defaultConfigurationIsVisible = 0;
			defaultConfigurationName = Release;
		};
/* End XCConfigurationList section */
	};
	rootObject = 864A03BD2B60FC0A007AF7B7 /* Project object */;
}
